
Microsoft Visual Studio Solution File, Format Version 12.00
# Visual Studio 15
VisualStudioVersion = 15.0.26730.8
MinimumVisualStudioVersion = 10.0.40219.1
Project("{9A19103F-16F7-4668-BE54-9A1E7A4F7556}") = "Xilytix.FieldedText", "Xilytix.FieldedText\Xilytix.FieldedText.csproj", "{37CD4667-CDB6-46A7-B709-D363C89AC172}"
EndProject
Project("{FAE04EC0-301F-11D3-BF4B-00C04F79EFBC}") = "Xilytix.FieldedText.UnitTest", "Xilytix.FieldedText.UnitTest\Xilytix.FieldedText.UnitTest.csproj", "{F6796E24-CFB5-4F24-9455-F28C76391699}"
EndProject
Project("{2150E333-8FDC-42A3-9474-1A3956D46DE8}") = "Examples", "Examples", "{A784FD6F-D2EF-4225-A081-05E30AB276F1}"
EndProject
Project("{2150E333-8FDC-42A3-9474-1A3956D46DE8}") = "BasicRead_BuildMeta", "BasicRead_BuildMeta", "{EF2917C6-2C7D-49C4-97DA-4F5BA0B661A1}"
EndProject
Project("{FAE04EC0-301F-11D3-BF4B-00C04F79EFBC}") = "BasicRead_BuildMeta", "Examples\BasicRead_BuildMeta\BasicRead_BuildMeta.csproj", "{7AB20E11-C289-4622-896E-3CD8AF1A13FE}"
EndProject
Project("{2150E333-8FDC-42A3-9474-1A3956D46DE8}") = "BasicRead_LoadMeta", "BasicRead_LoadMeta", "{4B3E6DB6-40EF-4E55-BD03-D5BC4E635E23}"
EndProject
Project("{FAE04EC0-301F-11D3-BF4B-00C04F79EFBC}") = "BasicRead_LoadMeta", "Examples\BasicRead_LoadMeta\BasicRead_LoadMeta.csproj", "{C49B7C6E-97E3-4C17-A41E-21901A3387EA}"
EndProject
Project("{2150E333-8FDC-42A3-9474-1A3956D46DE8}") = "BasicWrite", "BasicWrite", "{B0C2CA0B-8E8F-4BF7-940A-1C4D14AC2C6E}"
EndProject
Project("{2150E333-8FDC-42A3-9474-1A3956D46DE8}") = "BuildMetaWithSequences", "BuildMetaWithSequences", "{38747359-6A09-4D23-838F-529830712185}"
EndProject
Project("{2150E333-8FDC-42A3-9474-1A3956D46DE8}") = "CountRecords", "CountRecords", "{C201707D-FF0C-41DF-931E-6C5AB4E95AE9}"
EndProject
Project("{2150E333-8FDC-42A3-9474-1A3956D46DE8}") = "Read_Events", "Read_Events", "{3F183996-41A1-4CBA-AFF8-74710C496185}"
EndProject
Project("{2150E333-8FDC-42A3-9474-1A3956D46DE8}") = "ReadSequence", "ReadSequence", "{D69C7222-F83E-4EA7-850D-B8163BF5127F}"
EndProject
Project("{2150E333-8FDC-42A3-9474-1A3956D46DE8}") = "ReadSequence_Ordinal", "ReadSequence_Ordinal", "{CDBD47DD-01A5-4FC1-ABC2-0016893C7B95}"
EndProject
Project("{2150E333-8FDC-42A3-9474-1A3956D46DE8}") = "Write_Comments", "Write_Comments", "{17851EA9-D1BC-4F83-B382-416F658333C7}"
EndProject
Project("{2150E333-8FDC-42A3-9474-1A3956D46DE8}") = "Write_Declared", "Write_Declared", "{F306053A-B641-4A59-973D-F55C7859A6D6}"
EndProject
Project("{2150E333-8FDC-42A3-9474-1A3956D46DE8}") = "Write_Events", "Write_Events", "{187D6156-1C70-4961-A5C6-49BEBCCD59A4}"
EndProject
Project("{2150E333-8FDC-42A3-9474-1A3956D46DE8}") = "Write_Header", "Write_Header", "{30F5471A-134B-45E3-8CB2-6CED77746462}"
EndProject
Project("{2150E333-8FDC-42A3-9474-1A3956D46DE8}") = "WriteSequence", "WriteSequence", "{3AE587F7-E69E-4E24-B625-A59F186046B3}"
EndProject
Project("{2150E333-8FDC-42A3-9474-1A3956D46DE8}") = "WriteSequence_Events", "WriteSequence_Events", "{F0C9691D-75DD-401D-AB04-2191094D8BEB}"
EndProject
Project("{FAE04EC0-301F-11D3-BF4B-00C04F79EFBC}") = "BasicWrite", "Examples\BasicWrite\BasicWrite.csproj", "{9F67D511-0C71-4914-B46E-3DAA3CFD7E29}"
EndProject
Project("{FAE04EC0-301F-11D3-BF4B-00C04F79EFBC}") = "BuildMetaWithSequences", "Examples\BuildMetaWithSequences\BuildMetaWithSequences.csproj", "{667DFAC3-9A5D-4855-93B0-7ECB673A914B}"
EndProject
Project("{FAE04EC0-301F-11D3-BF4B-00C04F79EFBC}") = "CountRecords", "Examples\CountRecords\CountRecords.csproj", "{CA92D861-86E2-4799-9752-A98EFA3954DD}"
EndProject
Project("{FAE04EC0-301F-11D3-BF4B-00C04F79EFBC}") = "Read_Events", "Examples\Read_Events\Read_Events.csproj", "{A021BC5A-982F-4A44-92C9-1B826B179EBD}"
EndProject
Project("{FAE04EC0-301F-11D3-BF4B-00C04F79EFBC}") = "ReadSequence", "Examples\ReadSequence\ReadSequence.csproj", "{59A75B96-9588-4632-BE3B-E8B55CCFD710}"
EndProject
Project("{FAE04EC0-301F-11D3-BF4B-00C04F79EFBC}") = "ReadSequence_Ordinal", "Examples\ReadSequence_Ordinal\ReadSequence_Ordinal.csproj", "{7C47326B-16E9-4A83-B1B4-9EAC3C109D2E}"
EndProject
Project("{FAE04EC0-301F-11D3-BF4B-00C04F79EFBC}") = "Write_Comments", "Examples\Write_Comments\Write_Comments.csproj", "{85FA3997-9759-4C38-83D2-833248EE487A}"
EndProject
Project("{FAE04EC0-301F-11D3-BF4B-00C04F79EFBC}") = "Write_Declared", "Examples\Write_Declared\Write_Declared.csproj", "{1B2D5262-8A3E-4F9D-B18D-7B668EA82E2D}"
EndProject
Project("{FAE04EC0-301F-11D3-BF4B-00C04F79EFBC}") = "Write_Events", "Examples\Write_Events\Write_Events.csproj", "{B93D4FDD-28CE-4DFD-8530-684294DB5F40}"
EndProject
Project("{FAE04EC0-301F-11D3-BF4B-00C04F79EFBC}") = "Write_Headings", "Examples\Write_Header\Write_Headings.csproj", "{36C1E10B-D454-48A7-963F-0913D6C1562B}"
EndProject
Project("{FAE04EC0-301F-11D3-BF4B-00C04F79EFBC}") = "WriteSequence", "Examples\WriteSequence\WriteSequence.csproj", "{B4E62B53-8814-48A6-8EFA-B538B240A4EE}"
EndProject
Project("{FAE04EC0-301F-11D3-BF4B-00C04F79EFBC}") = "WriteSequence_Events", "Examples\WriteSequence_Events\WriteSequence_Events.csproj", "{C90C56F7-7A95-4BAE-AE87-9498F3F93759}"
EndProject
Global
	GlobalSection(SolutionConfigurationPlatforms) = preSolution
		Debug|Any CPU = Debug|Any CPU
		Release|Any CPU = Release|Any CPU
	EndGlobalSection
	GlobalSection(ProjectConfigurationPlatforms) = postSolution
		{37CD4667-CDB6-46A7-B709-D363C89AC172}.Debug|Any CPU.ActiveCfg = Debug|Any CPU
		{37CD4667-CDB6-46A7-B709-D363C89AC172}.Debug|Any CPU.Build.0 = Debug|Any CPU
		{37CD4667-CDB6-46A7-B709-D363C89AC172}.Release|Any CPU.ActiveCfg = Release|Any CPU
		{37CD4667-CDB6-46A7-B709-D363C89AC172}.Release|Any CPU.Build.0 = Release|Any CPU
		{F6796E24-CFB5-4F24-9455-F28C76391699}.Debug|Any CPU.ActiveCfg = Debug|Any CPU
		{F6796E24-CFB5-4F24-9455-F28C76391699}.Debug|Any CPU.Build.0 = Debug|Any CPU
		{F6796E24-CFB5-4F24-9455-F28C76391699}.Release|Any CPU.ActiveCfg = Release|Any CPU
		{F6796E24-CFB5-4F24-9455-F28C76391699}.Release|Any CPU.Build.0 = Release|Any CPU
		{7AB20E11-C289-4622-896E-3CD8AF1A13FE}.Debug|Any CPU.ActiveCfg = Debug|Any CPU
		{7AB20E11-C289-4622-896E-3CD8AF1A13FE}.Debug|Any CPU.Build.0 = Debug|Any CPU
		{7AB20E11-C289-4622-896E-3CD8AF1A13FE}.Release|Any CPU.ActiveCfg = Release|Any CPU
		{7AB20E11-C289-4622-896E-3CD8AF1A13FE}.Release|Any CPU.Build.0 = Release|Any CPU
		{C49B7C6E-97E3-4C17-A41E-21901A3387EA}.Debug|Any CPU.ActiveCfg = Debug|Any CPU
		{C49B7C6E-97E3-4C17-A41E-21901A3387EA}.Debug|Any CPU.Build.0 = Debug|Any CPU
		{C49B7C6E-97E3-4C17-A41E-21901A3387EA}.Release|Any CPU.ActiveCfg = Release|Any CPU
		{C49B7C6E-97E3-4C17-A41E-21901A3387EA}.Release|Any CPU.Build.0 = Release|Any CPU
		{9F67D511-0C71-4914-B46E-3DAA3CFD7E29}.Debug|Any CPU.ActiveCfg = Debug|Any CPU
		{9F67D511-0C71-4914-B46E-3DAA3CFD7E29}.Debug|Any CPU.Build.0 = Debug|Any CPU
		{9F67D511-0C71-4914-B46E-3DAA3CFD7E29}.Release|Any CPU.ActiveCfg = Release|Any CPU
		{9F67D511-0C71-4914-B46E-3DAA3CFD7E29}.Release|Any CPU.Build.0 = Release|Any CPU
		{667DFAC3-9A5D-4855-93B0-7ECB673A914B}.Debug|Any CPU.ActiveCfg = Debug|Any CPU
		{667DFAC3-9A5D-4855-93B0-7ECB673A914B}.Debug|Any CPU.Build.0 = Debug|Any CPU
		{667DFAC3-9A5D-4855-93B0-7ECB673A914B}.Release|Any CPU.ActiveCfg = Release|Any CPU
		{667DFAC3-9A5D-4855-93B0-7ECB673A914B}.Release|Any CPU.Build.0 = Release|Any CPU
		{CA92D861-86E2-4799-9752-A98EFA3954DD}.Debug|Any CPU.ActiveCfg = Debug|Any CPU
		{CA92D861-86E2-4799-9752-A98EFA3954DD}.Debug|Any CPU.Build.0 = Debug|Any CPU
		{CA92D861-86E2-4799-9752-A98EFA3954DD}.Release|Any CPU.ActiveCfg = Release|Any CPU
		{CA92D861-86E2-4799-9752-A98EFA3954DD}.Release|Any CPU.Build.0 = Release|Any CPU
		{A021BC5A-982F-4A44-92C9-1B826B179EBD}.Debug|Any CPU.ActiveCfg = Debug|Any CPU
		{A021BC5A-982F-4A44-92C9-1B826B179EBD}.Debug|Any CPU.Build.0 = Debug|Any CPU
		{A021BC5A-982F-4A44-92C9-1B826B179EBD}.Release|Any CPU.ActiveCfg = Release|Any CPU
		{A021BC5A-982F-4A44-92C9-1B826B179EBD}.Release|Any CPU.Build.0 = Release|Any CPU
		{59A75B96-9588-4632-BE3B-E8B55CCFD710}.Debug|Any CPU.ActiveCfg = Debug|Any CPU
		{59A75B96-9588-4632-BE3B-E8B55CCFD710}.Debug|Any CPU.Build.0 = Debug|Any CPU
		{59A75B96-9588-4632-BE3B-E8B55CCFD710}.Release|Any CPU.ActiveCfg = Release|Any CPU
		{59A75B96-9588-4632-BE3B-E8B55CCFD710}.Release|Any CPU.Build.0 = Release|Any CPU
		{7C47326B-16E9-4A83-B1B4-9EAC3C109D2E}.Debug|Any CPU.ActiveCfg = Debug|Any CPU
		{7C47326B-16E9-4A83-B1B4-9EAC3C109D2E}.Debug|Any CPU.Build.0 = Debug|Any CPU
		{7C47326B-16E9-4A83-B1B4-9EAC3C109D2E}.Release|Any CPU.ActiveCfg = Release|Any CPU
		{7C47326B-16E9-4A83-B1B4-9EAC3C109D2E}.Release|Any CPU.Build.0 = Release|Any CPU
		{85FA3997-9759-4C38-83D2-833248EE487A}.Debug|Any CPU.ActiveCfg = Debug|Any CPU
		{85FA3997-9759-4C38-83D2-833248EE487A}.Debug|Any CPU.Build.0 = Debug|Any CPU
		{85FA3997-9759-4C38-83D2-833248EE487A}.Release|Any CPU.ActiveCfg = Release|Any CPU
		{85FA3997-9759-4C38-83D2-833248EE487A}.Release|Any CPU.Build.0 = Release|Any CPU
		{1B2D5262-8A3E-4F9D-B18D-7B668EA82E2D}.Debug|Any CPU.ActiveCfg = Debug|Any CPU
		{1B2D5262-8A3E-4F9D-B18D-7B668EA82E2D}.Debug|Any CPU.Build.0 = Debug|Any CPU
		{1B2D5262-8A3E-4F9D-B18D-7B668EA82E2D}.Release|Any CPU.ActiveCfg = Release|Any CPU
		{1B2D5262-8A3E-4F9D-B18D-7B668EA82E2D}.Release|Any CPU.Build.0 = Release|Any CPU
		{B93D4FDD-28CE-4DFD-8530-684294DB5F40}.Debug|Any CPU.ActiveCfg = Debug|Any CPU
		{B93D4FDD-28CE-4DFD-8530-684294DB5F40}.Debug|Any CPU.Build.0 = Debug|Any CPU
		{B93D4FDD-28CE-4DFD-8530-684294DB5F40}.Release|Any CPU.ActiveCfg = Release|Any CPU
		{B93D4FDD-28CE-4DFD-8530-684294DB5F40}.Release|Any CPU.Build.0 = Release|Any CPU
		{36C1E10B-D454-48A7-963F-0913D6C1562B}.Debug|Any CPU.ActiveCfg = Debug|Any CPU
		{36C1E10B-D454-48A7-963F-0913D6C1562B}.Debug|Any CPU.Build.0 = Debug|Any CPU
		{36C1E10B-D454-48A7-963F-0913D6C1562B}.Release|Any CPU.ActiveCfg = Release|Any CPU
		{36C1E10B-D454-48A7-963F-0913D6C1562B}.Release|Any CPU.Build.0 = Release|Any CPU
		{B4E62B53-8814-48A6-8EFA-B538B240A4EE}.Debug|Any CPU.ActiveCfg = Debug|Any CPU
		{B4E62B53-8814-48A6-8EFA-B538B240A4EE}.Debug|Any CPU.Build.0 = Debug|Any CPU
		{B4E62B53-8814-48A6-8EFA-B538B240A4EE}.Release|Any CPU.ActiveCfg = Release|Any CPU
		{B4E62B53-8814-48A6-8EFA-B538B240A4EE}.Release|Any CPU.Build.0 = Release|Any CPU
		{C90C56F7-7A95-4BAE-AE87-9498F3F93759}.Debug|Any CPU.ActiveCfg = Debug|Any CPU
		{C90C56F7-7A95-4BAE-AE87-9498F3F93759}.Debug|Any CPU.Build.0 = Debug|Any CPU
		{C90C56F7-7A95-4BAE-AE87-9498F3F93759}.Release|Any CPU.ActiveCfg = Release|Any CPU
		{C90C56F7-7A95-4BAE-AE87-9498F3F93759}.Release|Any CPU.Build.0 = Release|Any CPU
	EndGlobalSection
	GlobalSection(SolutionProperties) = preSolution
		HideSolutionNode = FALSE
	EndGlobalSection
	GlobalSection(NestedProjects) = preSolution
		{EF2917C6-2C7D-49C4-97DA-4F5BA0B661A1} = {A784FD6F-D2EF-4225-A081-05E30AB276F1}
		{7AB20E11-C289-4622-896E-3CD8AF1A13FE} = {EF2917C6-2C7D-49C4-97DA-4F5BA0B661A1}
		{4B3E6DB6-40EF-4E55-BD03-D5BC4E635E23} = {A784FD6F-D2EF-4225-A081-05E30AB276F1}
		{C49B7C6E-97E3-4C17-A41E-21901A3387EA} = {4B3E6DB6-40EF-4E55-BD03-D5BC4E635E23}
		{B0C2CA0B-8E8F-4BF7-940A-1C4D14AC2C6E} = {A784FD6F-D2EF-4225-A081-05E30AB276F1}
		{38747359-6A09-4D23-838F-529830712185} = {A784FD6F-D2EF-4225-A081-05E30AB276F1}
		{C201707D-FF0C-41DF-931E-6C5AB4E95AE9} = {A784FD6F-D2EF-4225-A081-05E30AB276F1}
		{3F183996-41A1-4CBA-AFF8-74710C496185} = {A784FD6F-D2EF-4225-A081-05E30AB276F1}
		{D69C7222-F83E-4EA7-850D-B8163BF5127F} = {A784FD6F-D2EF-4225-A081-05E30AB276F1}
		{CDBD47DD-01A5-4FC1-ABC2-0016893C7B95} = {A784FD6F-D2EF-4225-A081-05E30AB276F1}
		{17851EA9-D1BC-4F83-B382-416F658333C7} = {A784FD6F-D2EF-4225-A081-05E30AB276F1}
		{F306053A-B641-4A59-973D-F55C7859A6D6} = {A784FD6F-D2EF-4225-A081-05E30AB276F1}
		{187D6156-1C70-4961-A5C6-49BEBCCD59A4} = {A784FD6F-D2EF-4225-A081-05E30AB276F1}
		{30F5471A-134B-45E3-8CB2-6CED77746462} = {A784FD6F-D2EF-4225-A081-05E30AB276F1}
		{3AE587F7-E69E-4E24-B625-A59F186046B3} = {A784FD6F-D2EF-4225-A081-05E30AB276F1}
		{F0C9691D-75DD-401D-AB04-2191094D8BEB} = {A784FD6F-D2EF-4225-A081-05E30AB276F1}
		{9F67D511-0C71-4914-B46E-3DAA3CFD7E29} = {B0C2CA0B-8E8F-4BF7-940A-1C4D14AC2C6E}
		{667DFAC3-9A5D-4855-93B0-7ECB673A914B} = {38747359-6A09-4D23-838F-529830712185}
		{CA92D861-86E2-4799-9752-A98EFA3954DD} = {C201707D-FF0C-41DF-931E-6C5AB4E95AE9}
		{A021BC5A-982F-4A44-92C9-1B826B179EBD} = {3F183996-41A1-4CBA-AFF8-74710C496185}
		{59A75B96-9588-4632-BE3B-E8B55CCFD710} = {D69C7222-F83E-4EA7-850D-B8163BF5127F}
		{7C47326B-16E9-4A83-B1B4-9EAC3C109D2E} = {CDBD47DD-01A5-4FC1-ABC2-0016893C7B95}
		{85FA3997-9759-4C38-83D2-833248EE487A} = {17851EA9-D1BC-4F83-B382-416F658333C7}
		{1B2D5262-8A3E-4F9D-B18D-7B668EA82E2D} = {F306053A-B641-4A59-973D-F55C7859A6D6}
		{B93D4FDD-28CE-4DFD-8530-684294DB5F40} = {187D6156-1C70-4961-A5C6-49BEBCCD59A4}
		{36C1E10B-D454-48A7-963F-0913D6C1562B} = {30F5471A-134B-45E3-8CB2-6CED77746462}
		{B4E62B53-8814-48A6-8EFA-B538B240A4EE} = {3AE587F7-E69E-4E24-B625-A59F186046B3}
		{C90C56F7-7A95-4BAE-AE87-9498F3F93759} = {F0C9691D-75DD-401D-AB04-2191094D8BEB}
	EndGlobalSection
	GlobalSection(ExtensibilityGlobals) = postSolution
		SolutionGuid = {FC993B2E-3A57-4D65-95CA-60D1FE05F0D7}
	EndGlobalSection
EndGlobal
