
Microsoft Visual Studio Solution File, Format Version 12.00
# Visual Studio 14
VisualStudioVersion = 14.0.25420.1
MinimumVisualStudioVersion = 10.0.40219.1
Project("{FAE04EC0-301F-11D3-BF4B-00C04F79EFBC}") = "Xilytix.FieldedText.UnitTest", "Xilytix.FieldedText.UnitTest\Xilytix.FieldedText.UnitTest.csproj", "{0BC8BFFE-15AE-4E9A-AFF8-4637062DFF2A}"
EndProject
Project("{FAE04EC0-301F-11D3-BF4B-00C04F79EFBC}") = "Xilytix.FieldedText", "Xilytix.FieldedText\Xilytix.FieldedText.csproj", "{2A003225-DA4A-4116-BF14-4DEE279122A0}"
EndProject
Project("{2150E333-8FDC-42A3-9474-1A3956D46DE8}") = "Examples", "Examples", "{87BDA993-3856-4381-94B8-12A977C57AAD}"
EndProject
Project("{FAE04EC0-301F-11D3-BF4B-00C04F79EFBC}") = "BasicRead_BuildMeta", "Examples\BasicRead_BuildMeta\BasicRead_BuildMeta.csproj", "{7AB20E11-C289-4622-896E-3CD8AF1A13FE}"
EndProject
Project("{FAE04EC0-301F-11D3-BF4B-00C04F79EFBC}") = "BasicRead_LoadMeta", "Examples\BasicRead_LoadMeta\BasicRead_LoadMeta.csproj", "{C49B7C6E-97E3-4C17-A41E-21901A3387EA}"
EndProject
Project("{FAE04EC0-301F-11D3-BF4B-00C04F79EFBC}") = "BasicWrite", "Examples\BasicWrite\BasicWrite.csproj", "{9F67D511-0C71-4914-B46E-3DAA3CFD7E29}"
EndProject
Project("{FAE04EC0-301F-11D3-BF4B-00C04F79EFBC}") = "CountRecords", "Examples\CountRecords\CountRecords.csproj", "{CA92D861-86E2-4799-9752-A98EFA3954DD}"
EndProject
Project("{FAE04EC0-301F-11D3-BF4B-00C04F79EFBC}") = "Write_Headings", "Examples\Write_Header\Write_Headings.csproj", "{36C1E10B-D454-48A7-963F-0913D6C1562B}"
EndProject
Project("{FAE04EC0-301F-11D3-BF4B-00C04F79EFBC}") = "Write_Declared", "Examples\Write_Declared\Write_Declared.csproj", "{1B2D5262-8A3E-4F9D-B18D-7B668EA82E2D}"
EndProject
Project("{FAE04EC0-301F-11D3-BF4B-00C04F79EFBC}") = "Write_Comments", "Examples\Write_Comments\Write_Comments.csproj", "{85FA3997-9759-4C38-83D2-833248EE487A}"
EndProject
Project("{FAE04EC0-301F-11D3-BF4B-00C04F79EFBC}") = "Read_Events", "Examples\Read_Events\Read_Events.csproj", "{A021BC5A-982F-4A44-92C9-1B826B179EBD}"
EndProject
Project("{FAE04EC0-301F-11D3-BF4B-00C04F79EFBC}") = "Write_Events", "Examples\Write_Events\Write_Events.csproj", "{B93D4FDD-28CE-4DFD-8530-684294DB5F40}"
EndProject
Project("{FAE04EC0-301F-11D3-BF4B-00C04F79EFBC}") = "BuildMetaWithSequences", "Examples\BuildMetaWithSequences\BuildMetaWithSequences.csproj", "{667DFAC3-9A5D-4855-93B0-7ECB673A914B}"
EndProject
Project("{FAE04EC0-301F-11D3-BF4B-00C04F79EFBC}") = "WriteSequence", "Examples\WriteSequence\WriteSequence.csproj", "{B4E62B53-8814-48A6-8EFA-B538B240A4EE}"
EndProject
Project("{FAE04EC0-301F-11D3-BF4B-00C04F79EFBC}") = "ReadSequence", "Examples\ReadSequence\ReadSequence.csproj", "{59A75B96-9588-4632-BE3B-E8B55CCFD710}"
EndProject
Project("{FAE04EC0-301F-11D3-BF4B-00C04F79EFBC}") = "ReadSequence_Ordinal", "Examples\ReadSequence_Ordinal\ReadSequence_Ordinal.csproj", "{7C47326B-16E9-4A83-B1B4-9EAC3C109D2E}"
EndProject
Project("{FAE04EC0-301F-11D3-BF4B-00C04F79EFBC}") = "WriteSequence_Events", "Examples\WriteSequence_Events\WriteSequence_Events.csproj", "{C90C56F7-7A95-4BAE-AE87-9498F3F93759}"
EndProject
Global
	GlobalSection(SolutionConfigurationPlatforms) = preSolution
		Debug|Any CPU = Debug|Any CPU
		Release|Any CPU = Release|Any CPU
	EndGlobalSection
	GlobalSection(ProjectConfigurationPlatforms) = postSolution
		{0BC8BFFE-15AE-4E9A-AFF8-4637062DFF2A}.Debug|Any CPU.ActiveCfg = Debug|Any CPU
		{0BC8BFFE-15AE-4E9A-AFF8-4637062DFF2A}.Debug|Any CPU.Build.0 = Debug|Any CPU
		{0BC8BFFE-15AE-4E9A-AFF8-4637062DFF2A}.Release|Any CPU.ActiveCfg = Release|Any CPU
		{0BC8BFFE-15AE-4E9A-AFF8-4637062DFF2A}.Release|Any CPU.Build.0 = Release|Any CPU
		{2A003225-DA4A-4116-BF14-4DEE279122A0}.Debug|Any CPU.ActiveCfg = Debug|Any CPU
		{2A003225-DA4A-4116-BF14-4DEE279122A0}.Debug|Any CPU.Build.0 = Debug|Any CPU
		{2A003225-DA4A-4116-BF14-4DEE279122A0}.Release|Any CPU.ActiveCfg = Release|Any CPU
		{2A003225-DA4A-4116-BF14-4DEE279122A0}.Release|Any CPU.Build.0 = Release|Any CPU
		{7AB20E11-C289-4622-896E-3CD8AF1A13FE}.Debug|Any CPU.ActiveCfg = Debug|Any CPU
		{7AB20E11-C289-4622-896E-3CD8AF1A13FE}.Debug|Any CPU.Build.0 = Debug|Any CPU
		{7AB20E11-C289-4622-896E-3CD8AF1A13FE}.Release|Any CPU.ActiveCfg = Release|Any CPU
		{7AB20E11-C289-4622-896E-3CD8AF1A13FE}.Release|Any CPU.Build.0 = Release|Any CPU
		{C49B7C6E-97E3-4C17-A41E-21901A3387EA}.Debug|Any CPU.ActiveCfg = Debug|Any CPU
		{C49B7C6E-97E3-4C17-A41E-21901A3387EA}.Debug|Any CPU.Build.0 = Debug|Any CPU
		{C49B7C6E-97E3-4C17-A41E-21901A3387EA}.Release|Any CPU.ActiveCfg = Release|Any CPU
		{C49B7C6E-97E3-4C17-A41E-21901A3387EA}.Release|Any CPU.Build.0 = Release|Any CPU
		{9F67D511-0C71-4914-B46E-3DAA3CFD7E29}.Debug|Any CPU.ActiveCfg = Debug|Any CPU
		{9F67D511-0C71-4914-B46E-3DAA3CFD7E29}.Debug|Any CPU.Build.0 = Debug|Any CPU
		{9F67D511-0C71-4914-B46E-3DAA3CFD7E29}.Release|Any CPU.ActiveCfg = Release|Any CPU
		{9F67D511-0C71-4914-B46E-3DAA3CFD7E29}.Release|Any CPU.Build.0 = Release|Any CPU
		{CA92D861-86E2-4799-9752-A98EFA3954DD}.Debug|Any CPU.ActiveCfg = Debug|Any CPU
		{CA92D861-86E2-4799-9752-A98EFA3954DD}.Debug|Any CPU.Build.0 = Debug|Any CPU
		{CA92D861-86E2-4799-9752-A98EFA3954DD}.Release|Any CPU.ActiveCfg = Release|Any CPU
		{CA92D861-86E2-4799-9752-A98EFA3954DD}.Release|Any CPU.Build.0 = Release|Any CPU
		{36C1E10B-D454-48A7-963F-0913D6C1562B}.Debug|Any CPU.ActiveCfg = Debug|Any CPU
		{36C1E10B-D454-48A7-963F-0913D6C1562B}.Debug|Any CPU.Build.0 = Debug|Any CPU
		{36C1E10B-D454-48A7-963F-0913D6C1562B}.Release|Any CPU.ActiveCfg = Release|Any CPU
		{36C1E10B-D454-48A7-963F-0913D6C1562B}.Release|Any CPU.Build.0 = Release|Any CPU
		{1B2D5262-8A3E-4F9D-B18D-7B668EA82E2D}.Debug|Any CPU.ActiveCfg = Debug|Any CPU
		{1B2D5262-8A3E-4F9D-B18D-7B668EA82E2D}.Debug|Any CPU.Build.0 = Debug|Any CPU
		{1B2D5262-8A3E-4F9D-B18D-7B668EA82E2D}.Release|Any CPU.ActiveCfg = Release|Any CPU
		{1B2D5262-8A3E-4F9D-B18D-7B668EA82E2D}.Release|Any CPU.Build.0 = Release|Any CPU
		{85FA3997-9759-4C38-83D2-833248EE487A}.Debug|Any CPU.ActiveCfg = Debug|Any CPU
		{85FA3997-9759-4C38-83D2-833248EE487A}.Debug|Any CPU.Build.0 = Debug|Any CPU
		{85FA3997-9759-4C38-83D2-833248EE487A}.Release|Any CPU.ActiveCfg = Release|Any CPU
		{85FA3997-9759-4C38-83D2-833248EE487A}.Release|Any CPU.Build.0 = Release|Any CPU
		{A021BC5A-982F-4A44-92C9-1B826B179EBD}.Debug|Any CPU.ActiveCfg = Debug|Any CPU
		{A021BC5A-982F-4A44-92C9-1B826B179EBD}.Debug|Any CPU.Build.0 = Debug|Any CPU
		{A021BC5A-982F-4A44-92C9-1B826B179EBD}.Release|Any CPU.ActiveCfg = Release|Any CPU
		{A021BC5A-982F-4A44-92C9-1B826B179EBD}.Release|Any CPU.Build.0 = Release|Any CPU
		{B93D4FDD-28CE-4DFD-8530-684294DB5F40}.Debug|Any CPU.ActiveCfg = Debug|Any CPU
		{B93D4FDD-28CE-4DFD-8530-684294DB5F40}.Debug|Any CPU.Build.0 = Debug|Any CPU
		{B93D4FDD-28CE-4DFD-8530-684294DB5F40}.Release|Any CPU.ActiveCfg = Release|Any CPU
		{B93D4FDD-28CE-4DFD-8530-684294DB5F40}.Release|Any CPU.Build.0 = Release|Any CPU
		{667DFAC3-9A5D-4855-93B0-7ECB673A914B}.Debug|Any CPU.ActiveCfg = Debug|Any CPU
		{667DFAC3-9A5D-4855-93B0-7ECB673A914B}.Debug|Any CPU.Build.0 = Debug|Any CPU
		{667DFAC3-9A5D-4855-93B0-7ECB673A914B}.Release|Any CPU.ActiveCfg = Release|Any CPU
		{667DFAC3-9A5D-4855-93B0-7ECB673A914B}.Release|Any CPU.Build.0 = Release|Any CPU
		{B4E62B53-8814-48A6-8EFA-B538B240A4EE}.Debug|Any CPU.ActiveCfg = Debug|Any CPU
		{B4E62B53-8814-48A6-8EFA-B538B240A4EE}.Debug|Any CPU.Build.0 = Debug|Any CPU
		{B4E62B53-8814-48A6-8EFA-B538B240A4EE}.Release|Any CPU.ActiveCfg = Release|Any CPU
		{B4E62B53-8814-48A6-8EFA-B538B240A4EE}.Release|Any CPU.Build.0 = Release|Any CPU
		{59A75B96-9588-4632-BE3B-E8B55CCFD710}.Debug|Any CPU.ActiveCfg = Debug|Any CPU
		{59A75B96-9588-4632-BE3B-E8B55CCFD710}.Debug|Any CPU.Build.0 = Debug|Any CPU
		{59A75B96-9588-4632-BE3B-E8B55CCFD710}.Release|Any CPU.ActiveCfg = Release|Any CPU
		{59A75B96-9588-4632-BE3B-E8B55CCFD710}.Release|Any CPU.Build.0 = Release|Any CPU
		{7C47326B-16E9-4A83-B1B4-9EAC3C109D2E}.Debug|Any CPU.ActiveCfg = Debug|Any CPU
		{7C47326B-16E9-4A83-B1B4-9EAC3C109D2E}.Debug|Any CPU.Build.0 = Debug|Any CPU
		{7C47326B-16E9-4A83-B1B4-9EAC3C109D2E}.Release|Any CPU.ActiveCfg = Release|Any CPU
		{7C47326B-16E9-4A83-B1B4-9EAC3C109D2E}.Release|Any CPU.Build.0 = Release|Any CPU
		{C90C56F7-7A95-4BAE-AE87-9498F3F93759}.Debug|Any CPU.ActiveCfg = Debug|Any CPU
		{C90C56F7-7A95-4BAE-AE87-9498F3F93759}.Debug|Any CPU.Build.0 = Debug|Any CPU
		{C90C56F7-7A95-4BAE-AE87-9498F3F93759}.Release|Any CPU.ActiveCfg = Release|Any CPU
		{C90C56F7-7A95-4BAE-AE87-9498F3F93759}.Release|Any CPU.Build.0 = Release|Any CPU
	EndGlobalSection
	GlobalSection(SolutionProperties) = preSolution
		HideSolutionNode = FALSE
	EndGlobalSection
	GlobalSection(NestedProjects) = preSolution
		{7AB20E11-C289-4622-896E-3CD8AF1A13FE} = {87BDA993-3856-4381-94B8-12A977C57AAD}
		{C49B7C6E-97E3-4C17-A41E-21901A3387EA} = {87BDA993-3856-4381-94B8-12A977C57AAD}
		{9F67D511-0C71-4914-B46E-3DAA3CFD7E29} = {87BDA993-3856-4381-94B8-12A977C57AAD}
		{CA92D861-86E2-4799-9752-A98EFA3954DD} = {87BDA993-3856-4381-94B8-12A977C57AAD}
		{36C1E10B-D454-48A7-963F-0913D6C1562B} = {87BDA993-3856-4381-94B8-12A977C57AAD}
		{1B2D5262-8A3E-4F9D-B18D-7B668EA82E2D} = {87BDA993-3856-4381-94B8-12A977C57AAD}
		{85FA3997-9759-4C38-83D2-833248EE487A} = {87BDA993-3856-4381-94B8-12A977C57AAD}
		{A021BC5A-982F-4A44-92C9-1B826B179EBD} = {87BDA993-3856-4381-94B8-12A977C57AAD}
		{B93D4FDD-28CE-4DFD-8530-684294DB5F40} = {87BDA993-3856-4381-94B8-12A977C57AAD}
		{667DFAC3-9A5D-4855-93B0-7ECB673A914B} = {87BDA993-3856-4381-94B8-12A977C57AAD}
		{B4E62B53-8814-48A6-8EFA-B538B240A4EE} = {87BDA993-3856-4381-94B8-12A977C57AAD}
		{59A75B96-9588-4632-BE3B-E8B55CCFD710} = {87BDA993-3856-4381-94B8-12A977C57AAD}
		{7C47326B-16E9-4A83-B1B4-9EAC3C109D2E} = {87BDA993-3856-4381-94B8-12A977C57AAD}
		{C90C56F7-7A95-4BAE-AE87-9498F3F93759} = {87BDA993-3856-4381-94B8-12A977C57AAD}
	EndGlobalSection
EndGlobal
